// !$*UTF8*$!
{
	archiveVersion = 1;
	classes = {
	};
	objectVersion = 46;
	objects = {

/* Begin PBXBuildFile section */
		E27D8AC11D9356EE00645015 /* main.m in Sources */ = {isa = PBXBuildFile; fileRef = E27D8AC01D9356EE00645015 /* main.m */; };
		E27D8AC41D9356EE00645015 /* AppDelegate.m in Sources */ = {isa = PBXBuildFile; fileRef = E27D8AC31D9356EE00645015 /* AppDelegate.m */; };
		E27D8AC71D9356EE00645015 /* ViewController.m in Sources */ = {isa = PBXBuildFile; fileRef = E27D8AC61D9356EE00645015 /* ViewController.m */; };
		E27D8ACA1D9356EE00645015 /* Main.storyboard in Resources */ = {isa = PBXBuildFile; fileRef = E27D8AC81D9356EE00645015 /* Main.storyboard */; };
		E27D8ACC1D9356EE00645015 /* Assets.xcassets in Resources */ = {isa = PBXBuildFile; fileRef = E27D8ACB1D9356EE00645015 /* Assets.xcassets */; };
		E27D8ACF1D9356EE00645015 /* LaunchScreen.storyboard in Resources */ = {isa = PBXBuildFile; fileRef = E27D8ACD1D9356EE00645015 /* LaunchScreen.storyboard */; };
		E27D8AEA1D935CF200645015 /* camaro.jpg in Resources */ = {isa = PBXBuildFile; fileRef = E27D8AE41D935CF200645015 /* camaro.jpg */; };
		E27D8AEB1D935CF200645015 /* corvette.jpg in Resources */ = {isa = PBXBuildFile; fileRef = E27D8AE51D935CF200645015 /* corvette.jpg */; };
		E27D8AEC1D935CF200645015 /* impala.jpg in Resources */ = {isa = PBXBuildFile; fileRef = E27D8AE61D935CF200645015 /* impala.jpg */; };
		E27D8AED1D935CF200645015 /* silverado.jpg in Resources */ = {isa = PBXBuildFile; fileRef = E27D8AE71D935CF200645015 /* silverado.jpg */; };
		E27D8AEE1D935CF200645015 /* suburban.jpg in Resources */ = {isa = PBXBuildFile; fileRef = E27D8AE81D935CF200645015 /* suburban.jpg */; };
		E27D8AEF1D935CF200645015 /* tahoe.jpg in Resources */ = {isa = PBXBuildFile; fileRef = E27D8AE91D935CF200645015 /* tahoe.jpg */; };
/* End PBXBuildFile section */

/* Begin PBXFileReference section */
		E27D8ABC1D9356EE00645015 /* c10-sc01-carview.app */ = {isa = PBXFileReference; explicitFileType = wrapper.application; includeInIndex = 0; path = "c10-sc01-carview.app"; sourceTree = BUILT_PRODUCTS_DIR; };
		E27D8AC01D9356EE00645015 /* main.m */ = {isa = PBXFileReference; lastKnownFileType = sourcecode.c.objc; path = main.m; sourceTree = "<group>"; };
		E27D8AC21D9356EE00645015 /* AppDelegate.h */ = {isa = PBXFileReference; lastKnownFileType = sourcecode.c.h; path = AppDelegate.h; sourceTree = "<group>"; };
		E27D8AC31D9356EE00645015 /* AppDelegate.m */ = {isa = PBXFileReference; lastKnownFileType = sourcecode.c.objc; path = AppDelegate.m; sourceTree = "<group>"; };
		E27D8AC51D9356EE00645015 /* ViewController.h */ = {isa = PBXFileReference; lastKnownFileType = sourcecode.c.h; path = ViewController.h; sourceTree = "<group>"; };
		E27D8AC61D9356EE00645015 /* ViewController.m */ = {isa = PBXFileReference; lastKnownFileType = sourcecode.c.objc; path = ViewController.m; sourceTree = "<group>"; };
		E27D8AC91D9356EE00645015 /* Base */ = {isa = PBXFileReference; lastKnownFileType = file.storyboard; name = Base; path = Base.lproj/Main.storyboard; sourceTree = "<group>"; };
		E27D8ACB1D9356EE00645015 /* Assets.xcassets */ = {isa = PBXFileReference; lastKnownFileType = folder.assetcatalog; path = Assets.xcassets; sourceTree = "<group>"; };
		E27D8ACE1D9356EE00645015 /* Base */ = {isa = PBXFileReference; lastKnownFileType = file.storyboard; name = Base; path = Base.lproj/LaunchScreen.storyboard; sourceTree = "<group>"; };
		E27D8AD01D9356EE00645015 /* Info.plist */ = {isa = PBXFileReference; lastKnownFileType = text.plist.xml; path = Info.plist; sourceTree = "<group>"; };
		E27D8AE41D935CF200645015 /* camaro.jpg */ = {isa = PBXFileReference; lastKnownFileType = image.jpeg; path = camaro.jpg; sourceTree = "<group>"; };
		E27D8AE51D935CF200645015 /* corvette.jpg */ = {isa = PBXFileReference; lastKnownFileType = image.jpeg; path = corvette.jpg; sourceTree = "<group>"; };
		E27D8AE61D935CF200645015 /* impala.jpg */ = {isa = PBXFileReference; lastKnownFileType = image.jpeg; path = impala.jpg; sourceTree = "<group>"; };
		E27D8AE71D935CF200645015 /* silverado.jpg */ = {isa = PBXFileReference; lastKnownFileType = image.jpeg; path = silverado.jpg; sourceTree = "<group>"; };
		E27D8AE81D935CF200645015 /* suburban.jpg */ = {isa = PBXFileReference; lastKnownFileType = image.jpeg; path = suburban.jpg; sourceTree = "<group>"; };
		E27D8AE91D935CF200645015 /* tahoe.jpg */ = {isa = PBXFileReference; lastKnownFileType = image.jpeg; path = tahoe.jpg; sourceTree = "<group>"; };
/* End PBXFileReference section */

/* Begin PBXFrameworksBuildPhase section */
		E27D8AB91D9356EE00645015 /* Frameworks */ = {
			isa = PBXFrameworksBuildPhase;
			buildActionMask = 2147483647;
			files = (
			);
			runOnlyForDeploymentPostprocessing = 0;
		};
/* End PBXFrameworksBuildPhase section */

/* Begin PBXGroup section */
		E27D8AB31D9356EE00645015 = {
			isa = PBXGroup;
			children = (
				E27D8ABE1D9356EE00645015 /* c10-sc01-carview */,
				E27D8ABD1D9356EE00645015 /* Products */,
			);
			sourceTree = "<group>";
		};
		E27D8ABD1D9356EE00645015 /* Products */ = {
			isa = PBXGroup;
			children = (
				E27D8ABC1D9356EE00645015 /* c10-sc01-carview.app */,
			);
			name = Products;
			sourceTree = "<group>";
		};
		E27D8ABE1D9356EE00645015 /* c10-sc01-carview */ = {
			isa = PBXGroup;
			children = (
				E27D8AE41D935CF200645015 /* camaro.jpg */,
				E27D8AE51D935CF200645015 /* corvette.jpg */,
				E27D8AE61D935CF200645015 /* impala.jpg */,
				E27D8AE71D935CF200645015 /* silverado.jpg */,
				E27D8AE81D935CF200645015 /* suburban.jpg */,
				E27D8AE91D935CF200645015 /* tahoe.jpg */,
				E27D8AC21D9356EE00645015 /* AppDelegate.h */,
				E27D8AC31D9356EE00645015 /* AppDelegate.m */,
				E27D8AC51D9356EE00645015 /* ViewController.h */,
				E27D8AC61D9356EE00645015 /* ViewController.m */,
				E27D8AC81D9356EE00645015 /* Main.storyboard */,
				E27D8ACB1D9356EE00645015 /* Assets.xcassets */,
				E27D8ACD1D9356EE00645015 /* LaunchScreen.storyboard */,
				E27D8AD01D9356EE00645015 /* Info.plist */,
				E27D8ABF1D9356EE00645015 /* Supporting Files */,
			);
			path = "c10-sc01-carview";
			sourceTree = "<group>";
		};
		E27D8ABF1D9356EE00645015 /* Supporting Files */ = {
			isa = PBXGroup;
			children = (
				E27D8AC01D9356EE00645015 /* main.m */,
			);
			name = "Supporting Files";
			sourceTree = "<group>";
		};
/* End PBXGroup section */

/* Begin PBXNativeTarget section */
		E27D8ABB1D9356EE00645015 /* c10-sc01-carview */ = {
			isa = PBXNativeTarget;
			buildConfigurationList = E27D8AD31D9356EE00645015 /* Build configuration list for PBXNativeTarget "c10-sc01-carview" */;
			buildPhases = (
				E27D8AB81D9356EE00645015 /* Sources */,
				E27D8AB91D9356EE00645015 /* Frameworks */,
				E27D8ABA1D9356EE00645015 /* Resources */,
			);
			buildRules = (
			);
			dependencies = (
			);
			name = "c10-sc01-carview";
			productName = "c10-sc01-carview";
			productReference = E27D8ABC1D9356EE00645015 /* c10-sc01-carview.app */;
			productType = "com.apple.product-type.application";
		};
/* End PBXNativeTarget section */

/* Begin PBXProject section */
		E27D8AB41D9356EE00645015 /* Project object */ = {
			isa = PBXProject;
			attributes = {
				LastUpgradeCheck = 0730;
				ORGANIZATIONNAME = "Tom Morton";
				TargetAttributes = {
					E27D8ABB1D9356EE00645015 = {
						CreatedOnToolsVersion = 7.3.1;
					};
				};
			};
			buildConfigurationList = E27D8AB71D9356EE00645015 /* Build configuration list for PBXProject "c10-sc01-carview" */;
			compatibilityVersion = "Xcode 3.2";
			developmentRegion = English;
			hasScannedForEncodings = 0;
			knownRegions = (
				en,
				Base,
			);
			mainGroup = E27D8AB31D9356EE00645015;
			productRefGroup = E27D8ABD1D9356EE00645015 /* Products */;
			projectDirPath = "";
			projectRoot = "";
			targets = (
				E27D8ABB1D9356EE00645015 /* c10-sc01-carview */,
			);
		};
/* End PBXProject section */

/* Begin PBXResourcesBuildPhase section */
		E27D8ABA1D9356EE00645015 /* Resources */ = {
			isa = PBXResourcesBuildPhase;
			buildActionMask = 2147483647;
			files = (
				E27D8AEA1D935CF200645015 /* camaro.jpg in Resources */,
				E27D8AEB1D935CF200645015 /* corvette.jpg in Resources */,
				E27D8ACF1D9356EE00645015 /* LaunchScreen.storyboard in Resources */,
				E27D8ACC1D9356EE00645015 /* Assets.xcassets in Resources */,
				E27D8AED1D935CF200645015 /* silverado.jpg in Resources */,
				E27D8AEE1D935CF200645015 /* suburban.jpg in Resources */,
				E27D8ACA1D9356EE00645015 /* Main.storyboard in Resources */,
				E27D8AEC1D935CF200645015 /* impala.jpg in Resources */,
				E27D8AEF1D935CF200645015 /* tahoe.jpg in Resources */,
			);
			runOnlyForDeploymentPostprocessing = 0;
		};
/* End PBXResourcesBuildPhase section */

/* Begin PBXSourcesBuildPhase section */
		E27D8AB81D9356EE00645015 /* Sources */ = {
			isa = PBXSourcesBuildPhase;
			buildActionMask = 2147483647;
			files = (
				E27D8AC71D9356EE00645015 /* ViewController.m in Sources */,
				E27D8AC41D9356EE00645015 /* AppDelegate.m in Sources */,
				E27D8AC11D9356EE00645015 /* main.m in Sources */,
			);
			runOnlyForDeploymentPostprocessing = 0;
		};
/* End PBXSourcesBuildPhase section */

/* Begin PBXVariantGroup section */
		E27D8AC81D9356EE00645015 /* Main.storyboard */ = {
			isa = PBXVariantGroup;
			children = (
				E27D8AC91D9356EE00645015 /* Base */,
			);
			name = Main.storyboard;
			sourceTree = "<group>";
		};
		E27D8ACD1D9356EE00645015 /* LaunchScreen.storyboard */ = {
			isa = PBXVariantGroup;
			children = (
				E27D8ACE1D9356EE00645015 /* Base */,
			);
			name = LaunchScreen.storyboard;
			sourceTree = "<group>";
		};
/* End PBXVariantGroup section */

/* Begin XCBuildConfiguration section */
		E27D8AD11D9356EE00645015 /* Debug */ = {
			isa = XCBuildConfiguration;
			buildSettings = {
				ALWAYS_SEARCH_USER_PATHS = NO;
				CLANG_ANALYZER_NONNULL = YES;
				CLANG_CXX_LANGUAGE_STANDARD = "gnu++0x";
				CLANG_CXX_LIBRARY = "libc++";
				CLANG_ENABLE_MODULES = YES;
				CLANG_ENABLE_OBJC_ARC = YES;
				CLANG_WARN_BOOL_CONVERSION = YES;
				CLANG_WARN_CONSTANT_CONVERSION = YES;
				CLANG_WARN_DIRECT_OBJC_ISA_USAGE = YES_ERROR;
				CLANG_WARN_EMPTY_BODY = YES;
				CLANG_WARN_ENUM_CONVERSION = YES;
				CLANG_WARN_INT_CONVERSION = YES;
				CLANG_WARN_OBJC_ROOT_CLASS = YES_ERROR;
				CLANG_WARN_UNREACHABLE_CODE = YES;
				CLANG_WARN__DUPLICATE_METHOD_MATCH = YES;
				"CODE_SIGN_IDENTITY[sdk=iphoneos*]" = "iPhone Developer";
				COPY_PHASE_STRIP = NO;
				DEBUG_INFORMATION_FORMAT = dwarf;
				ENABLE_STRICT_OBJC_MSGSEND = YES;
				ENABLE_TESTABILITY = YES;
				GCC_C_LANGUAGE_STANDARD = gnu99;
				GCC_DYNAMIC_NO_PIC = NO;
				GCC_NO_COMMON_BLOCKS = YES;
				GCC_OPTIMIZATION_LEVEL = 0;
				GCC_PREPROCESSOR_DEFINITIONS = (
					"DEBUG=1",
					"$(inherited)",
				);
				GCC_WARN_64_TO_32_BIT_CONVERSION = YES;
				GCC_WARN_ABOUT_RETURN_TYPE = YES_ERROR;
				GCC_WARN_UNDECLARED_SELECTOR = YES;
				GCC_WARN_UNINITIALIZED_AUTOS = YES_AGGRESSIVE;
				GCC_WARN_UNUSED_FUNCTION = YES;
				GCC_WARN_UNUSED_VARIABLE = YES;
				IPHONEOS_DEPLOYMENT_TARGET = 9.3;
				MTL_ENABLE_DEBUG_INFO = YES;
				ONLY_ACTIVE_ARCH = YES;
				SDKROOT = iphoneos;
				TARGETED_DEVICE_FAMILY = "1,2";
			};
			name = Debug;
		};
		E27D8AD21D9356EE00645015 /* Release */ = {
			isa = XCBuildConfiguration;
			buildSettings = {
				ALWAYS_SEARCH_USER_PATHS = NO;
				CLANG_ANALYZER_NONNULL = YES;
				CLANG_CXX_LANGUAGE_STANDARD = "gnu++0x";
				CLANG_CXX_LIBRARY = "libc++";
				CLANG_ENABLE_MODULES = YES;
				CLANG_ENABLE_OBJC_ARC = YES;
				CLANG_WARN_BOOL_CONVERSION = YES;
				CLANG_WARN_CONSTANT_CONVERSION = YES;
				CLANG_WARN_DIRECT_OBJC_ISA_USAGE = YES_ERROR;
				CLANG_WARN_EMPTY_BODY = YES;
				CLANG_WARN_ENUM_CONVERSION = YES;
				CLANG_WARN_INT_CONVERSION = YES;
				CLANG_WARN_OBJC_ROOT_CLASS = YES_ERROR;
				CLANG_WARN_UNREACHABLE_CODE = YES;
				CLANG_WARN__DUPLICATE_METHOD_MATCH = YES;
				"CODE_SIGN_IDENTITY[sdk=iphoneos*]" = "iPhone Developer";
				COPY_PHASE_STRIP = NO;
				DEBUG_INFORMATION_FORMAT = "dwarf-with-dsym";
				ENABLE_NS_ASSERTIONS = NO;
				ENABLE_STRICT_OBJC_MSGSEND = YES;
				GCC_C_LANGUAGE_STANDARD = gnu99;
				GCC_NO_COMMON_BLOCKS = YES;
				GCC_WARN_64_TO_32_BIT_CONVERSION = YES;
				GCC_WARN_ABOUT_RETURN_TYPE = YES_ERROR;
				GCC_WARN_UNDECLARED_SELECTOR = YES;
				GCC_WARN_UNINITIALIZED_AUTOS = YES_AGGRESSIVE;
				GCC_WARN_UNUSED_FUNCTION = YES;
				GCC_WARN_UNUSED_VARIABLE = YES;
				IPHONEOS_DEPLOYMENT_TARGET = 9.3;
				MTL_ENABLE_DEBUG_INFO = NO;
				SDKROOT = iphoneos;
				TARGETED_DEVICE_FAMILY = "1,2";
				VALIDATE_PRODUCT = YES;
			};
			name = Release;
		};
		E27D8AD41D9356EE00645015 /* Debug */ = {
			isa = XCBuildConfiguration;
			buildSettings = {
				ASSETCATALOG_COMPILER_APPICON_NAME = AppIcon;
				INFOPLIST_FILE = "c10-sc01-carview/Info.plist";
				IPHONEOS_DEPLOYMENT_TARGET = 8.2;
				LD_RUNPATH_SEARCH_PATHS = "$(inherited) @executable_path/Frameworks";
				PRODUCT_BUNDLE_IDENTIFIER = "com.sixfoot3.c10-sc01-carview";
				PRODUCT_NAME = "$(TARGET_NAME)";
			};
			name = Debug;
		};
		E27D8AD51D9356EE00645015 /* Release */ = {
			isa = XCBuildConfiguration;
			buildSettings = {
				ASSETCATALOG_COMPILER_APPICON_NAME = AppIcon;
				INFOPLIST_FILE = "c10-sc01-carview/Info.plist";
				IPHONEOS_DEPLOYMENT_TARGET = 8.2;
				LD_RUNPATH_SEARCH_PATHS = "$(inherited) @executable_path/Frameworks";
				PRODUCT_BUNDLE_IDENTIFIER = "com.sixfoot3.c10-sc01-carview";
				PRODUCT_NAME = "$(TARGET_NAME)";
			};
			name = Release;
		};
/* End XCBuildConfiguration section */

/* Begin XCConfigurationList section */
		E27D8AB71D9356EE00645015 /* Build configuration list for PBXProject "c10-sc01-carview" */ = {
			isa = XCConfigurationList;
			buildConfigurations = (
				E27D8AD11D9356EE00645015 /* Debug */,
				E27D8AD21D9356EE00645015 /* Release */,
			);
			defaultConfigurationIsVisible = 0;
			defaultConfigurationName = Release;
		};
		E27D8AD31D9356EE00645015 /* Build configuration list for PBXNativeTarget "c10-sc01-carview" */ = {
			isa = XCConfigurationList;
			buildConfigurations = (
				E27D8AD41D9356EE00645015 /* Debug */,
				E27D8AD51D9356EE00645015 /* Release */,
			);
			defaultConfigurationIsVisible = 0;
		};
/* End XCConfigurationList section */
	};
	rootObject = E27D8AB41D9356EE00645015 /* Project object */;
}
